
Microsoft Visual Studio Solution File, Format Version 12.00
# Visual Studio Version 17
VisualStudioVersion = 17.1.32414.318
MinimumVisualStudioVersion = 10.0.40219.1
Project("{9A19103F-16F7-4668-BE54-9A1E7A4F7556}") = "ContactsAPI", "ContactsAPI\ContactsAPI.csproj", "{C5E35946-5189-4DD9-AA9F-C12D59218B0B}"
EndProject
Project("{2150E333-8FDC-42A3-9474-1A3956D46DE8}") = "External files", "External files", "{41E3F417-FBE6-4A37-93C2-E6FD31385D5C}"
	ProjectSection(SolutionItems) = preProject
		.gitignore = .gitignore
		docker-compose.override.yml = docker-compose.override.yml
		docker-compose.prod.yml = docker-compose.prod.yml
		docker-compose.yml = docker-compose.yml
	EndProjectSection
EndProject
Project("{9A19103F-16F7-4668-BE54-9A1E7A4F7556}") = "ContactsAPI.Tests", "ContactsAPI.Tests\ContactsAPI.Tests.csproj", "{7D57EE32-E531-4835-A79B-39180DFDF00A}"
EndProject
Global
	GlobalSection(SolutionConfigurationPlatforms) = preSolution
		Debug|Any CPU = Debug|Any CPU
		Release|Any CPU = Release|Any CPU
	EndGlobalSection
	GlobalSection(ProjectConfigurationPlatforms) = postSolution
		{C5E35946-5189-4DD9-AA9F-C12D59218B0B}.Debug|Any CPU.ActiveCfg = Debug|Any CPU
		{C5E35946-5189-4DD9-AA9F-C12D59218B0B}.Debug|Any CPU.Build.0 = Debug|Any CPU
		{C5E35946-5189-4DD9-AA9F-C12D59218B0B}.Release|Any CPU.ActiveCfg = Release|Any CPU
		{C5E35946-5189-4DD9-AA9F-C12D59218B0B}.Release|Any CPU.Build.0 = Release|Any CPU
		{7D57EE32-E531-4835-A79B-39180DFDF00A}.Debug|Any CPU.ActiveCfg = Debug|Any CPU
		{7D57EE32-E531-4835-A79B-39180DFDF00A}.Debug|Any CPU.Build.0 = Debug|Any CPU
		{7D57EE32-E531-4835-A79B-39180DFDF00A}.Release|Any CPU.ActiveCfg = Release|Any CPU
		{7D57EE32-E531-4835-A79B-39180DFDF00A}.Release|Any CPU.Build.0 = Release|Any CPU
	EndGlobalSection
	GlobalSection(SolutionProperties) = preSolution
		HideSolutionNode = FALSE
	EndGlobalSection
	GlobalSection(ExtensibilityGlobals) = postSolution
		SolutionGuid = {F6562904-2E69-4B33-BD6D-D77FFE876B75}
	EndGlobalSection
EndGlobal
